
Microsoft Visual Studio Solution File, Format Version 12.00
# Visual Studio Version 17
VisualStudioVersion = 17.6.33815.320
MinimumVisualStudioVersion = 10.0.40219.1
Project("{FAE04EC0-301F-11D3-BF4B-00C04F79EFBC}") = "MCreditos", "MCreditos\MCreditos.csproj", "{CD7A4492-4DCC-4AC3-B152-5ED4C6E1DA1B}"
EndProject
Global
	GlobalSection(SolutionConfigurationPlatforms) = preSolution
		Debug|Any CPU = Debug|Any CPU
		Release|Any CPU = Release|Any CPU
	EndGlobalSection
	GlobalSection(ProjectConfigurationPlatforms) = postSolution
		{CD7A4492-4DCC-4AC3-B152-5ED4C6E1DA1B}.Debug|Any CPU.ActiveCfg = Debug|Any CPU
		{CD7A4492-4DCC-4AC3-B152-5ED4C6E1DA1B}.Debug|Any CPU.Build.0 = Debug|Any CPU
		{CD7A4492-4DCC-4AC3-B152-5ED4C6E1DA1B}.Release|Any CPU.ActiveCfg = Release|Any CPU
		{CD7A4492-4DCC-4AC3-B152-5ED4C6E1DA1B}.Release|Any CPU.Build.0 = Release|Any CPU
	EndGlobalSection
	GlobalSection(SolutionProperties) = preSolution
		HideSolutionNode = FALSE
	EndGlobalSection
	GlobalSection(ExtensibilityGlobals) = postSolution
		SolutionGuid = {12D9612B-58EB-47CE-9F25-46103FE8EEDA}
	EndGlobalSection
EndGlobal
